// !$*UTF8*$!
{
	archiveVersion = 1;
	classes = {
	};
	objectVersion = 46;
	objects = {

/* Begin PBXBuildFile section */
		074D743C1886CD8E00761C42 /* OWLHelpers.m in Sources */ = {isa = PBXBuildFile; fileRef = 074D743B1886CD8E00761C42 /* OWLHelpers.m */; };
		075AF9CF1847796B00F6BEFF /* CoreData.framework in Frameworks */ = {isa = PBXBuildFile; fileRef = 075AF9CE1847796B00F6BEFF /* CoreData.framework */; };
		075AF9D218477A2700F6BEFF /* hiboux.xcdatamodeld in Sources */ = {isa = PBXBuildFile; fileRef = 075AF9D018477A2700F6BEFF /* hiboux.xcdatamodeld */; };
		075AF9D5184780CE00F6BEFF /* Registration.m in Sources */ = {isa = PBXBuildFile; fileRef = 075AF9D4184780CE00F6BEFF /* Registration.m */; };
		DD313BB11853C9EF000C9B03 /* CoreLocation.framework in Frameworks */ = {isa = PBXBuildFile; fileRef = DD313BB01853C9EF000C9B03 /* CoreLocation.framework */; };
		DD313BB31853D05A000C9B03 /* yverdon.gpx in Resources */ = {isa = PBXBuildFile; fileRef = DD313BB21853D05A000C9B03 /* yverdon.gpx */; };
		DD81E511184390E30012FAED /* OWLListOwlsViewController.m in Sources */ = {isa = PBXBuildFile; fileRef = DD81E510184390E30012FAED /* OWLListOwlsViewController.m */; };
		DDAFC4D4181E6080001D5ECA /* Foundation.framework in Frameworks */ = {isa = PBXBuildFile; fileRef = DDAFC4D3181E6080001D5ECA /* Foundation.framework */; };
		DDAFC4D6181E6080001D5ECA /* CoreGraphics.framework in Frameworks */ = {isa = PBXBuildFile; fileRef = DDAFC4D5181E6080001D5ECA /* CoreGraphics.framework */; };
		DDAFC4D8181E6080001D5ECA /* UIKit.framework in Frameworks */ = {isa = PBXBuildFile; fileRef = DDAFC4D7181E6080001D5ECA /* UIKit.framework */; };
		DDAFC4DE181E6080001D5ECA /* InfoPlist.strings in Resources */ = {isa = PBXBuildFile; fileRef = DDAFC4DC181E6080001D5ECA /* InfoPlist.strings */; };
		DDAFC4E0181E6080001D5ECA /* main.m in Sources */ = {isa = PBXBuildFile; fileRef = DDAFC4DF181E6080001D5ECA /* main.m */; };
		DDAFC4E4181E6080001D5ECA /* OWLAppDelegate.m in Sources */ = {isa = PBXBuildFile; fileRef = DDAFC4E3181E6080001D5ECA /* OWLAppDelegate.m */; };
		DDAFC4E7181E6080001D5ECA /* Main_iPhone.storyboard in Resources */ = {isa = PBXBuildFile; fileRef = DDAFC4E5181E6080001D5ECA /* Main_iPhone.storyboard */; };
		DDAFC4ED181E6080001D5ECA /* OWLViewController.m in Sources */ = {isa = PBXBuildFile; fileRef = DDAFC4EC181E6080001D5ECA /* OWLViewController.m */; };
		DDAFC4EF181E6080001D5ECA /* Images.xcassets in Resources */ = {isa = PBXBuildFile; fileRef = DDAFC4EE181E6080001D5ECA /* Images.xcassets */; };
		DDAFC4F6181E6080001D5ECA /* XCTest.framework in Frameworks */ = {isa = PBXBuildFile; fileRef = DDAFC4F5181E6080001D5ECA /* XCTest.framework */; };
		DDAFC4F7181E6080001D5ECA /* Foundation.framework in Frameworks */ = {isa = PBXBuildFile; fileRef = DDAFC4D3181E6080001D5ECA /* Foundation.framework */; };
		DDAFC4F8181E6080001D5ECA /* UIKit.framework in Frameworks */ = {isa = PBXBuildFile; fileRef = DDAFC4D7181E6080001D5ECA /* UIKit.framework */; };
		DDAFC500181E6080001D5ECA /* InfoPlist.strings in Resources */ = {isa = PBXBuildFile; fileRef = DDAFC4FE181E6080001D5ECA /* InfoPlist.strings */; };
		DDAFC502181E6080001D5ECA /* hibouxTests.m in Sources */ = {isa = PBXBuildFile; fileRef = DDAFC501181E6080001D5ECA /* hibouxTests.m */; };
		DDB109AC186B3DB100C08FAD /* OWLSelectionViewController.m in Sources */ = {isa = PBXBuildFile; fileRef = DDB109AB186B3DB100C08FAD /* OWLSelectionViewController.m */; };
		DDB44F6718868C570018AE53 /* NYPopover.m in Sources */ = {isa = PBXBuildFile; fileRef = DDB44F6418868C570018AE53 /* NYPopover.m */; };
		DDB44F6818868C570018AE53 /* NYSliderPopover.m in Sources */ = {isa = PBXBuildFile; fileRef = DDB44F6618868C570018AE53 /* NYSliderPopover.m */; };
		DDDAADC818437B3E00517086 /* OWLAddOwlViewController.m in Sources */ = {isa = PBXBuildFile; fileRef = DDDAADC718437B3E00517086 /* OWLAddOwlViewController.m */; };
/* End PBXBuildFile section */

/* Begin PBXContainerItemProxy section */
		DDAFC4F9181E6080001D5ECA /* PBXContainerItemProxy */ = {
			isa = PBXContainerItemProxy;
			containerPortal = DDAFC4C8181E6080001D5ECA /* Project object */;
			proxyType = 1;
			remoteGlobalIDString = DDAFC4CF181E6080001D5ECA;
			remoteInfo = hiboux;
		};
/* End PBXContainerItemProxy section */

/* Begin PBXFileReference section */
		074D743A1886CD8E00761C42 /* OWLHelpers.h */ = {isa = PBXFileReference; fileEncoding = 4; lastKnownFileType = sourcecode.c.h; path = OWLHelpers.h; sourceTree = "<group>"; };
		074D743B1886CD8E00761C42 /* OWLHelpers.m */ = {isa = PBXFileReference; fileEncoding = 4; lastKnownFileType = sourcecode.c.objc; path = OWLHelpers.m; sourceTree = "<group>"; };
		075AF9CE1847796B00F6BEFF /* CoreData.framework */ = {isa = PBXFileReference; lastKnownFileType = wrapper.framework; name = CoreData.framework; path = System/Library/Frameworks/CoreData.framework; sourceTree = SDKROOT; };
		075AF9D118477A2700F6BEFF /* hiboux.xcdatamodel */ = {isa = PBXFileReference; lastKnownFileType = wrapper.xcdatamodel; path = hiboux.xcdatamodel; sourceTree = "<group>"; };
		075AF9D3184780CE00F6BEFF /* Registration.h */ = {isa = PBXFileReference; fileEncoding = 4; lastKnownFileType = sourcecode.c.h; path = Registration.h; sourceTree = "<group>"; };
		075AF9D4184780CE00F6BEFF /* Registration.m */ = {isa = PBXFileReference; fileEncoding = 4; lastKnownFileType = sourcecode.c.objc; path = Registration.m; sourceTree = "<group>"; };
		DD313BB01853C9EF000C9B03 /* CoreLocation.framework */ = {isa = PBXFileReference; lastKnownFileType = wrapper.framework; name = CoreLocation.framework; path = System/Library/Frameworks/CoreLocation.framework; sourceTree = SDKROOT; };
		DD313BB21853D05A000C9B03 /* yverdon.gpx */ = {isa = PBXFileReference; fileEncoding = 4; lastKnownFileType = text.xml; path = yverdon.gpx; sourceTree = "<group>"; };
		DD81E50F184390E30012FAED /* OWLListOwlsViewController.h */ = {isa = PBXFileReference; fileEncoding = 4; lastKnownFileType = sourcecode.c.h; name = OWLListOwlsViewController.h; path = hiboux/OWLListOwlsViewController.h; sourceTree = "<group>"; };
		DD81E510184390E30012FAED /* OWLListOwlsViewController.m */ = {isa = PBXFileReference; fileEncoding = 4; lastKnownFileType = sourcecode.c.objc; name = OWLListOwlsViewController.m; path = hiboux/OWLListOwlsViewController.m; sourceTree = "<group>"; };
		DDAFC4D0181E6080001D5ECA /* hiboux.app */ = {isa = PBXFileReference; explicitFileType = wrapper.application; includeInIndex = 0; path = hiboux.app; sourceTree = BUILT_PRODUCTS_DIR; };
		DDAFC4D3181E6080001D5ECA /* Foundation.framework */ = {isa = PBXFileReference; lastKnownFileType = wrapper.framework; name = Foundation.framework; path = System/Library/Frameworks/Foundation.framework; sourceTree = SDKROOT; };
		DDAFC4D5181E6080001D5ECA /* CoreGraphics.framework */ = {isa = PBXFileReference; lastKnownFileType = wrapper.framework; name = CoreGraphics.framework; path = System/Library/Frameworks/CoreGraphics.framework; sourceTree = SDKROOT; };
		DDAFC4D7181E6080001D5ECA /* UIKit.framework */ = {isa = PBXFileReference; lastKnownFileType = wrapper.framework; name = UIKit.framework; path = System/Library/Frameworks/UIKit.framework; sourceTree = SDKROOT; };
		DDAFC4DB181E6080001D5ECA /* hiboux-Info.plist */ = {isa = PBXFileReference; lastKnownFileType = text.plist.xml; path = "hiboux-Info.plist"; sourceTree = "<group>"; };
		DDAFC4DD181E6080001D5ECA /* en */ = {isa = PBXFileReference; lastKnownFileType = text.plist.strings; name = en; path = en.lproj/InfoPlist.strings; sourceTree = "<group>"; };
		DDAFC4DF181E6080001D5ECA /* main.m */ = {isa = PBXFileReference; lastKnownFileType = sourcecode.c.objc; path = main.m; sourceTree = "<group>"; };
		DDAFC4E1181E6080001D5ECA /* hiboux-Prefix.pch */ = {isa = PBXFileReference; lastKnownFileType = sourcecode.c.h; path = "hiboux-Prefix.pch"; sourceTree = "<group>"; };
		DDAFC4E2181E6080001D5ECA /* OWLAppDelegate.h */ = {isa = PBXFileReference; lastKnownFileType = sourcecode.c.h; name = OWLAppDelegate.h; path = hiboux/OWLAppDelegate.h; sourceTree = "<group>"; };
		DDAFC4E3181E6080001D5ECA /* OWLAppDelegate.m */ = {isa = PBXFileReference; lastKnownFileType = sourcecode.c.objc; name = OWLAppDelegate.m; path = hiboux/OWLAppDelegate.m; sourceTree = "<group>"; };
		DDAFC4E6181E6080001D5ECA /* Base */ = {isa = PBXFileReference; lastKnownFileType = file.storyboard; name = Base; path = Base.lproj/Main_iPhone.storyboard; sourceTree = "<group>"; };
		DDAFC4EB181E6080001D5ECA /* OWLViewController.h */ = {isa = PBXFileReference; lastKnownFileType = sourcecode.c.h; name = OWLViewController.h; path = hiboux/OWLViewController.h; sourceTree = "<group>"; };
		DDAFC4EC181E6080001D5ECA /* OWLViewController.m */ = {isa = PBXFileReference; lastKnownFileType = sourcecode.c.objc; name = OWLViewController.m; path = hiboux/OWLViewController.m; sourceTree = "<group>"; };
		DDAFC4EE181E6080001D5ECA /* Images.xcassets */ = {isa = PBXFileReference; lastKnownFileType = folder.assetcatalog; name = Images.xcassets; path = hiboux/Images.xcassets; sourceTree = "<group>"; };
		DDAFC4F4181E6080001D5ECA /* hibouxTests.xctest */ = {isa = PBXFileReference; explicitFileType = wrapper.cfbundle; includeInIndex = 0; path = hibouxTests.xctest; sourceTree = BUILT_PRODUCTS_DIR; };
		DDAFC4F5181E6080001D5ECA /* XCTest.framework */ = {isa = PBXFileReference; lastKnownFileType = wrapper.framework; name = XCTest.framework; path = Library/Frameworks/XCTest.framework; sourceTree = DEVELOPER_DIR; };
		DDAFC4FD181E6080001D5ECA /* hibouxTests-Info.plist */ = {isa = PBXFileReference; lastKnownFileType = text.plist.xml; path = "hibouxTests-Info.plist"; sourceTree = "<group>"; };
		DDAFC4FF181E6080001D5ECA /* en */ = {isa = PBXFileReference; lastKnownFileType = text.plist.strings; name = en; path = en.lproj/InfoPlist.strings; sourceTree = "<group>"; };
		DDAFC501181E6080001D5ECA /* hibouxTests.m */ = {isa = PBXFileReference; lastKnownFileType = sourcecode.c.objc; path = hibouxTests.m; sourceTree = "<group>"; };
		DDB109AA186B3DB100C08FAD /* OWLSelectionViewController.h */ = {isa = PBXFileReference; fileEncoding = 4; lastKnownFileType = sourcecode.c.h; name = OWLSelectionViewController.h; path = hiboux/OWLSelectionViewController.h; sourceTree = "<group>"; };
		DDB109AB186B3DB100C08FAD /* OWLSelectionViewController.m */ = {isa = PBXFileReference; fileEncoding = 4; lastKnownFileType = sourcecode.c.objc; name = OWLSelectionViewController.m; path = hiboux/OWLSelectionViewController.m; sourceTree = "<group>"; };
		DDB44F6318868C570018AE53 /* NYPopover.h */ = {isa = PBXFileReference; fileEncoding = 4; lastKnownFileType = sourcecode.c.h; path = NYPopover.h; sourceTree = "<group>"; };
		DDB44F6418868C570018AE53 /* NYPopover.m */ = {isa = PBXFileReference; fileEncoding = 4; lastKnownFileType = sourcecode.c.objc; path = NYPopover.m; sourceTree = "<group>"; };
		DDB44F6518868C570018AE53 /* NYSliderPopover.h */ = {isa = PBXFileReference; fileEncoding = 4; lastKnownFileType = sourcecode.c.h; path = NYSliderPopover.h; sourceTree = "<group>"; };
		DDB44F6618868C570018AE53 /* NYSliderPopover.m */ = {isa = PBXFileReference; fileEncoding = 4; lastKnownFileType = sourcecode.c.objc; path = NYSliderPopover.m; sourceTree = "<group>"; };
		DDDAADC618437B3E00517086 /* OWLAddOwlViewController.h */ = {isa = PBXFileReference; fileEncoding = 4; lastKnownFileType = sourcecode.c.h; name = OWLAddOwlViewController.h; path = hiboux/OWLAddOwlViewController.h; sourceTree = "<group>"; };
		DDDAADC718437B3E00517086 /* OWLAddOwlViewController.m */ = {isa = PBXFileReference; fileEncoding = 4; lastKnownFileType = sourcecode.c.objc; name = OWLAddOwlViewController.m; path = hiboux/OWLAddOwlViewController.m; sourceTree = "<group>"; };
/* End PBXFileReference section */

/* Begin PBXFrameworksBuildPhase section */
		DDAFC4CD181E6080001D5ECA /* Frameworks */ = {
			isa = PBXFrameworksBuildPhase;
			buildActionMask = 2147483647;
			files = (
				DD313BB11853C9EF000C9B03 /* CoreLocation.framework in Frameworks */,
				075AF9CF1847796B00F6BEFF /* CoreData.framework in Frameworks */,
				DDAFC4D6181E6080001D5ECA /* CoreGraphics.framework in Frameworks */,
				DDAFC4D8181E6080001D5ECA /* UIKit.framework in Frameworks */,
				DDAFC4D4181E6080001D5ECA /* Foundation.framework in Frameworks */,
			);
			runOnlyForDeploymentPostprocessing = 0;
		};
		DDAFC4F1181E6080001D5ECA /* Frameworks */ = {
			isa = PBXFrameworksBuildPhase;
			buildActionMask = 2147483647;
			files = (
				DDAFC4F6181E6080001D5ECA /* XCTest.framework in Frameworks */,
				DDAFC4F8181E6080001D5ECA /* UIKit.framework in Frameworks */,
				DDAFC4F7181E6080001D5ECA /* Foundation.framework in Frameworks */,
			);
			runOnlyForDeploymentPostprocessing = 0;
		};
/* End PBXFrameworksBuildPhase section */

/* Begin PBXGroup section */
		075AF9CA184774EA00F6BEFF /* View Controllers */ = {
			isa = PBXGroup;
			children = (
				DDAFC4EB181E6080001D5ECA /* OWLViewController.h */,
				DDAFC4EC181E6080001D5ECA /* OWLViewController.m */,
				DD81E50F184390E30012FAED /* OWLListOwlsViewController.h */,
				DD81E510184390E30012FAED /* OWLListOwlsViewController.m */,
				DDDAADC618437B3E00517086 /* OWLAddOwlViewController.h */,
				DDDAADC718437B3E00517086 /* OWLAddOwlViewController.m */,
				DDB109AA186B3DB100C08FAD /* OWLSelectionViewController.h */,
				DDB109AB186B3DB100C08FAD /* OWLSelectionViewController.m */,
			);
			name = "View Controllers";
			sourceTree = "<group>";
		};
		075AF9CB1847751300F6BEFF /* Model Class */ = {
			isa = PBXGroup;
			children = (
				075AF9D3184780CE00F6BEFF /* Registration.h */,
				075AF9D4184780CE00F6BEFF /* Registration.m */,
			);
			name = "Model Class";
			sourceTree = "<group>";
		};
		075AF9CC1847751D00F6BEFF /* Application Delegate */ = {
			isa = PBXGroup;
			children = (
				DDAFC4E2181E6080001D5ECA /* OWLAppDelegate.h */,
				DDAFC4E3181E6080001D5ECA /* OWLAppDelegate.m */,
			);
			name = "Application Delegate";
			sourceTree = "<group>";
		};
		075AF9CD1847753200F6BEFF /* Resources */ = {
			isa = PBXGroup;
			children = (
				DDAFC4E5181E6080001D5ECA /* Main_iPhone.storyboard */,
				DDAFC4EE181E6080001D5ECA /* Images.xcassets */,
				075AF9D018477A2700F6BEFF /* hiboux.xcdatamodeld */,
			);
			name = Resources;
			sourceTree = "<group>";
		};
		DDAFC4C7181E6080001D5ECA = {
			isa = PBXGroup;
			children = (
				DD313BB21853D05A000C9B03 /* yverdon.gpx */,
				075AF9CA184774EA00F6BEFF /* View Controllers */,
				075AF9CB1847751300F6BEFF /* Model Class */,
				075AF9CC1847751D00F6BEFF /* Application Delegate */,
				075AF9CD1847753200F6BEFF /* Resources */,
				DDAFC4DA181E6080001D5ECA /* Supporting Files */,
				DDAFC4D9181E6080001D5ECA /* hiboux */,
				DDAFC4FB181E6080001D5ECA /* hibouxTests */,
				DDAFC4D2181E6080001D5ECA /* Frameworks */,
				DDAFC4D1181E6080001D5ECA /* Products */,
			);
			sourceTree = "<group>";
		};
		DDAFC4D1181E6080001D5ECA /* Products */ = {
			isa = PBXGroup;
			children = (
				DDAFC4D0181E6080001D5ECA /* hiboux.app */,
				DDAFC4F4181E6080001D5ECA /* hibouxTests.xctest */,
			);
			name = Products;
			sourceTree = "<group>";
		};
		DDAFC4D2181E6080001D5ECA /* Frameworks */ = {
			isa = PBXGroup;
			children = (
				DD313BB01853C9EF000C9B03 /* CoreLocation.framework */,
				075AF9CE1847796B00F6BEFF /* CoreData.framework */,
				DDAFC4D3181E6080001D5ECA /* Foundation.framework */,
				DDAFC4D5181E6080001D5ECA /* CoreGraphics.framework */,
				DDAFC4D7181E6080001D5ECA /* UIKit.framework */,
				DDAFC4F5181E6080001D5ECA /* XCTest.framework */,
			);
			name = Frameworks;
			sourceTree = "<group>";
		};
		DDAFC4D9181E6080001D5ECA /* hiboux */ = {
			isa = PBXGroup;
			children = (
			);
			path = hiboux;
			sourceTree = "<group>";
		};
		DDAFC4DA181E6080001D5ECA /* Supporting Files */ = {
			isa = PBXGroup;
			children = (
				DDB44F6218868C570018AE53 /* NYSliderPopover */,
				DDAFC4DB181E6080001D5ECA /* hiboux-Info.plist */,
				DDAFC4DC181E6080001D5ECA /* InfoPlist.strings */,
				DDAFC4DF181E6080001D5ECA /* main.m */,
				DDAFC4E1181E6080001D5ECA /* hiboux-Prefix.pch */,
				074D743A1886CD8E00761C42 /* OWLHelpers.h */,
				074D743B1886CD8E00761C42 /* OWLHelpers.m */,
			);
			name = "Supporting Files";
			path = hiboux;
			sourceTree = "<group>";
		};
		DDAFC4FB181E6080001D5ECA /* hibouxTests */ = {
			isa = PBXGroup;
			children = (
				DDAFC501181E6080001D5ECA /* hibouxTests.m */,
				DDAFC4FC181E6080001D5ECA /* Supporting Files */,
			);
			path = hibouxTests;
			sourceTree = "<group>";
		};
		DDAFC4FC181E6080001D5ECA /* Supporting Files */ = {
			isa = PBXGroup;
			children = (
				DDAFC4FD181E6080001D5ECA /* hibouxTests-Info.plist */,
				DDAFC4FE181E6080001D5ECA /* InfoPlist.strings */,
			);
			name = "Supporting Files";
			sourceTree = "<group>";
		};
		DDB44F6218868C570018AE53 /* NYSliderPopover */ = {
			isa = PBXGroup;
			children = (
				DDB44F6318868C570018AE53 /* NYPopover.h */,
				DDB44F6418868C570018AE53 /* NYPopover.m */,
				DDB44F6518868C570018AE53 /* NYSliderPopover.h */,
				DDB44F6618868C570018AE53 /* NYSliderPopover.m */,
			);
			path = NYSliderPopover;
			sourceTree = "<group>";
		};
/* End PBXGroup section */

/* Begin PBXNativeTarget section */
		DDAFC4CF181E6080001D5ECA /* hiboux */ = {
			isa = PBXNativeTarget;
			buildConfigurationList = DDAFC505181E6080001D5ECA /* Build configuration list for PBXNativeTarget "hiboux" */;
			buildPhases = (
				DDAFC4CC181E6080001D5ECA /* Sources */,
				DDAFC4CD181E6080001D5ECA /* Frameworks */,
				DDAFC4CE181E6080001D5ECA /* Resources */,
			);
			buildRules = (
			);
			dependencies = (
			);
			name = hiboux;
			productName = hiboux;
			productReference = DDAFC4D0181E6080001D5ECA /* hiboux.app */;
			productType = "com.apple.product-type.application";
		};
		DDAFC4F3181E6080001D5ECA /* hibouxTests */ = {
			isa = PBXNativeTarget;
			buildConfigurationList = DDAFC508181E6080001D5ECA /* Build configuration list for PBXNativeTarget "hibouxTests" */;
			buildPhases = (
				DDAFC4F0181E6080001D5ECA /* Sources */,
				DDAFC4F1181E6080001D5ECA /* Frameworks */,
				DDAFC4F2181E6080001D5ECA /* Resources */,
			);
			buildRules = (
			);
			dependencies = (
				DDAFC4FA181E6080001D5ECA /* PBXTargetDependency */,
			);
			name = hibouxTests;
			productName = hibouxTests;
			productReference = DDAFC4F4181E6080001D5ECA /* hibouxTests.xctest */;
			productType = "com.apple.product-type.bundle.unit-test";
		};
/* End PBXNativeTarget section */

/* Begin PBXProject section */
		DDAFC4C8181E6080001D5ECA /* Project object */ = {
			isa = PBXProject;
			attributes = {
				CLASSPREFIX = OWL;
				LastUpgradeCheck = 0500;
				ORGANIZATIONNAME = "Jonas Oesch";
				TargetAttributes = {
					DDAFC4F3181E6080001D5ECA = {
						TestTargetID = DDAFC4CF181E6080001D5ECA;
					};
				};
			};
			buildConfigurationList = DDAFC4CB181E6080001D5ECA /* Build configuration list for PBXProject "hiboux" */;
			compatibilityVersion = "Xcode 3.2";
			developmentRegion = English;
			hasScannedForEncodings = 0;
			knownRegions = (
				en,
				Base,
			);
			mainGroup = DDAFC4C7181E6080001D5ECA;
			productRefGroup = DDAFC4D1181E6080001D5ECA /* Products */;
			projectDirPath = "";
			projectRoot = "";
			targets = (
				DDAFC4CF181E6080001D5ECA /* hiboux */,
				DDAFC4F3181E6080001D5ECA /* hibouxTests */,
			);
		};
/* End PBXProject section */

/* Begin PBXResourcesBuildPhase section */
		DDAFC4CE181E6080001D5ECA /* Resources */ = {
			isa = PBXResourcesBuildPhase;
			buildActionMask = 2147483647;
			files = (
				DDAFC4EF181E6080001D5ECA /* Images.xcassets in Resources */,
				DDAFC4E7181E6080001D5ECA /* Main_iPhone.storyboard in Resources */,
				DDAFC4DE181E6080001D5ECA /* InfoPlist.strings in Resources */,
				DD313BB31853D05A000C9B03 /* yverdon.gpx in Resources */,
			);
			runOnlyForDeploymentPostprocessing = 0;
		};
		DDAFC4F2181E6080001D5ECA /* Resources */ = {
			isa = PBXResourcesBuildPhase;
			buildActionMask = 2147483647;
			files = (
				DDAFC500181E6080001D5ECA /* InfoPlist.strings in Resources */,
			);
			runOnlyForDeploymentPostprocessing = 0;
		};
/* End PBXResourcesBuildPhase section */

/* Begin PBXSourcesBuildPhase section */
		DDAFC4CC181E6080001D5ECA /* Sources */ = {
			isa = PBXSourcesBuildPhase;
			buildActionMask = 2147483647;
			files = (
				075AF9D218477A2700F6BEFF /* hiboux.xcdatamodeld in Sources */,
				DDDAADC818437B3E00517086 /* OWLAddOwlViewController.m in Sources */,
				075AF9D5184780CE00F6BEFF /* Registration.m in Sources */,
				DDB44F6718868C570018AE53 /* NYPopover.m in Sources */,
				DD81E511184390E30012FAED /* OWLListOwlsViewController.m in Sources */,
				DDAFC4ED181E6080001D5ECA /* OWLViewController.m in Sources */,
				DDAFC4E4181E6080001D5ECA /* OWLAppDelegate.m in Sources */,
				074D743C1886CD8E00761C42 /* OWLHelpers.m in Sources */,
				DDB109AC186B3DB100C08FAD /* OWLSelectionViewController.m in Sources */,
				DDAFC4E0181E6080001D5ECA /* main.m in Sources */,
				DDB44F6818868C570018AE53 /* NYSliderPopover.m in Sources */,
			);
			runOnlyForDeploymentPostprocessing = 0;
		};
		DDAFC4F0181E6080001D5ECA /* Sources */ = {
			isa = PBXSourcesBuildPhase;
			buildActionMask = 2147483647;
			files = (
				DDAFC502181E6080001D5ECA /* hibouxTests.m in Sources */,
			);
			runOnlyForDeploymentPostprocessing = 0;
		};
/* End PBXSourcesBuildPhase section */

/* Begin PBXTargetDependency section */
		DDAFC4FA181E6080001D5ECA /* PBXTargetDependency */ = {
			isa = PBXTargetDependency;
			target = DDAFC4CF181E6080001D5ECA /* hiboux */;
			targetProxy = DDAFC4F9181E6080001D5ECA /* PBXContainerItemProxy */;
		};
/* End PBXTargetDependency section */

/* Begin PBXVariantGroup section */
		DDAFC4DC181E6080001D5ECA /* InfoPlist.strings */ = {
			isa = PBXVariantGroup;
			children = (
				DDAFC4DD181E6080001D5ECA /* en */,
			);
			name = InfoPlist.strings;
			sourceTree = "<group>";
		};
		DDAFC4E5181E6080001D5ECA /* Main_iPhone.storyboard */ = {
			isa = PBXVariantGroup;
			children = (
				DDAFC4E6181E6080001D5ECA /* Base */,
			);
			name = Main_iPhone.storyboard;
			path = hiboux;
			sourceTree = "<group>";
		};
		DDAFC4FE181E6080001D5ECA /* InfoPlist.strings */ = {
			isa = PBXVariantGroup;
			children = (
				DDAFC4FF181E6080001D5ECA /* en */,
			);
			name = InfoPlist.strings;
			sourceTree = "<group>";
		};
/* End PBXVariantGroup section */

/* Begin XCBuildConfiguration section */
		DDAFC503181E6080001D5ECA /* Debug */ = {
			isa = XCBuildConfiguration;
			buildSettings = {
				ALWAYS_SEARCH_USER_PATHS = NO;
				ARCHS = "$(ARCHS_STANDARD_INCLUDING_64_BIT)";
				CLANG_CXX_LANGUAGE_STANDARD = "gnu++0x";
				CLANG_CXX_LIBRARY = "libc++";
				CLANG_ENABLE_MODULES = YES;
				CLANG_ENABLE_OBJC_ARC = YES;
				CLANG_WARN_BOOL_CONVERSION = YES;
				CLANG_WARN_CONSTANT_CONVERSION = YES;
				CLANG_WARN_DIRECT_OBJC_ISA_USAGE = YES_ERROR;
				CLANG_WARN_EMPTY_BODY = YES;
				CLANG_WARN_ENUM_CONVERSION = YES;
				CLANG_WARN_INT_CONVERSION = YES;
				CLANG_WARN_OBJC_ROOT_CLASS = YES_ERROR;
				CLANG_WARN__DUPLICATE_METHOD_MATCH = YES;
				"CODE_SIGN_IDENTITY[sdk=iphoneos*]" = "iPhone Developer";
				COPY_PHASE_STRIP = NO;
				GCC_C_LANGUAGE_STANDARD = gnu99;
				GCC_DYNAMIC_NO_PIC = NO;
				GCC_OPTIMIZATION_LEVEL = 0;
				GCC_PREPROCESSOR_DEFINITIONS = (
					"DEBUG=1",
					"$(inherited)",
				);
				GCC_SYMBOLS_PRIVATE_EXTERN = NO;
				GCC_WARN_64_TO_32_BIT_CONVERSION = YES;
				GCC_WARN_ABOUT_RETURN_TYPE = YES_ERROR;
				GCC_WARN_UNDECLARED_SELECTOR = YES;
				GCC_WARN_UNINITIALIZED_AUTOS = YES;
				GCC_WARN_UNUSED_FUNCTION = YES;
				GCC_WARN_UNUSED_VARIABLE = YES;
				IPHONEOS_DEPLOYMENT_TARGET = 7.0;
				ONLY_ACTIVE_ARCH = YES;
				SDKROOT = iphoneos;
				TARGETED_DEVICE_FAMILY = "1,2";
			};
			name = Debug;
		};
		DDAFC504181E6080001D5ECA /* Release */ = {
			isa = XCBuildConfiguration;
			buildSettings = {
				ALWAYS_SEARCH_USER_PATHS = NO;
				ARCHS = "$(ARCHS_STANDARD_INCLUDING_64_BIT)";
				CLANG_CXX_LANGUAGE_STANDARD = "gnu++0x";
				CLANG_CXX_LIBRARY = "libc++";
				CLANG_ENABLE_MODULES = YES;
				CLANG_ENABLE_OBJC_ARC = YES;
				CLANG_WARN_BOOL_CONVERSION = YES;
				CLANG_WARN_CONSTANT_CONVERSION = YES;
				CLANG_WARN_DIRECT_OBJC_ISA_USAGE = YES_ERROR;
				CLANG_WARN_EMPTY_BODY = YES;
				CLANG_WARN_ENUM_CONVERSION = YES;
				CLANG_WARN_INT_CONVERSION = YES;
				CLANG_WARN_OBJC_ROOT_CLASS = YES_ERROR;
				CLANG_WARN__DUPLICATE_METHOD_MATCH = YES;
				"CODE_SIGN_IDENTITY[sdk=iphoneos*]" = "iPhone Developer";
				COPY_PHASE_STRIP = YES;
				ENABLE_NS_ASSERTIONS = NO;
				GCC_C_LANGUAGE_STANDARD = gnu99;
				GCC_WARN_64_TO_32_BIT_CONVERSION = YES;
				GCC_WARN_ABOUT_RETURN_TYPE = YES_ERROR;
				GCC_WARN_UNDECLARED_SELECTOR = YES;
				GCC_WARN_UNINITIALIZED_AUTOS = YES;
				GCC_WARN_UNUSED_FUNCTION = YES;
				GCC_WARN_UNUSED_VARIABLE = YES;
				IPHONEOS_DEPLOYMENT_TARGET = 7.0;
				SDKROOT = iphoneos;
				TARGETED_DEVICE_FAMILY = "1,2";
				VALIDATE_PRODUCT = YES;
			};
			name = Release;
		};
		DDAFC506181E6080001D5ECA /* Debug */ = {
			isa = XCBuildConfiguration;
			buildSettings = {
				ASSETCATALOG_COMPILER_APPICON_NAME = AppIcon;
				ASSETCATALOG_COMPILER_LAUNCHIMAGE_NAME = LaunchImage;
				GCC_PRECOMPILE_PREFIX_HEADER = YES;
				GCC_PREFIX_HEADER = "hiboux/hiboux-Prefix.pch";
				INFOPLIST_FILE = "hiboux/hiboux-Info.plist";
				PRODUCT_NAME = "$(TARGET_NAME)";
				TARGETED_DEVICE_FAMILY = 1;
				WRAPPER_EXTENSION = app;
			};
			name = Debug;
		};
		DDAFC507181E6080001D5ECA /* Release */ = {
			isa = XCBuildConfiguration;
			buildSettings = {
				ASSETCATALOG_COMPILER_APPICON_NAME = AppIcon;
				ASSETCATALOG_COMPILER_LAUNCHIMAGE_NAME = LaunchImage;
				GCC_PRECOMPILE_PREFIX_HEADER = YES;
				GCC_PREFIX_HEADER = "hiboux/hiboux-Prefix.pch";
				INFOPLIST_FILE = "hiboux/hiboux-Info.plist";
				PRODUCT_NAME = "$(TARGET_NAME)";
				TARGETED_DEVICE_FAMILY = 1;
				WRAPPER_EXTENSION = app;
			};
			name = Release;
		};
		DDAFC509181E6080001D5ECA /* Debug */ = {
			isa = XCBuildConfiguration;
			buildSettings = {
				ARCHS = "$(ARCHS_STANDARD_INCLUDING_64_BIT)";
				BUNDLE_LOADER = "$(BUILT_PRODUCTS_DIR)/hiboux.app/hiboux";
				FRAMEWORK_SEARCH_PATHS = (
					"$(SDKROOT)/Developer/Library/Frameworks",
					"$(inherited)",
					"$(DEVELOPER_FRAMEWORKS_DIR)",
				);
				GCC_PRECOMPILE_PREFIX_HEADER = YES;
				GCC_PREFIX_HEADER = "hiboux/hiboux-Prefix.pch";
				GCC_PREPROCESSOR_DEFINITIONS = (
					"DEBUG=1",
					"$(inherited)",
				);
				INFOPLIST_FILE = "hibouxTests/hibouxTests-Info.plist";
				PRODUCT_NAME = "$(TARGET_NAME)";
				TEST_HOST = "$(BUNDLE_LOADER)";
				WRAPPER_EXTENSION = xctest;
			};
			name = Debug;
		};
		DDAFC50A181E6080001D5ECA /* Release */ = {
			isa = XCBuildConfiguration;
			buildSettings = {
				ARCHS = "$(ARCHS_STANDARD_INCLUDING_64_BIT)";
				BUNDLE_LOADER = "$(BUILT_PRODUCTS_DIR)/hiboux.app/hiboux";
				FRAMEWORK_SEARCH_PATHS = (
					"$(SDKROOT)/Developer/Library/Frameworks",
					"$(inherited)",
					"$(DEVELOPER_FRAMEWORKS_DIR)",
				);
				GCC_PRECOMPILE_PREFIX_HEADER = YES;
				GCC_PREFIX_HEADER = "hiboux/hiboux-Prefix.pch";
				INFOPLIST_FILE = "hibouxTests/hibouxTests-Info.plist";
				PRODUCT_NAME = "$(TARGET_NAME)";
				TEST_HOST = "$(BUNDLE_LOADER)";
				WRAPPER_EXTENSION = xctest;
			};
			name = Release;
		};
/* End XCBuildConfiguration section */

/* Begin XCConfigurationList section */
		DDAFC4CB181E6080001D5ECA /* Build configuration list for PBXProject "hiboux" */ = {
			isa = XCConfigurationList;
			buildConfigurations = (
				DDAFC503181E6080001D5ECA /* Debug */,
				DDAFC504181E6080001D5ECA /* Release */,
			);
			defaultConfigurationIsVisible = 0;
			defaultConfigurationName = Release;
		};
		DDAFC505181E6080001D5ECA /* Build configuration list for PBXNativeTarget "hiboux" */ = {
			isa = XCConfigurationList;
			buildConfigurations = (
				DDAFC506181E6080001D5ECA /* Debug */,
				DDAFC507181E6080001D5ECA /* Release */,
			);
			defaultConfigurationIsVisible = 0;
			defaultConfigurationName = Release;
		};
		DDAFC508181E6080001D5ECA /* Build configuration list for PBXNativeTarget "hibouxTests" */ = {
			isa = XCConfigurationList;
			buildConfigurations = (
				DDAFC509181E6080001D5ECA /* Debug */,
				DDAFC50A181E6080001D5ECA /* Release */,
			);
			defaultConfigurationIsVisible = 0;
			defaultConfigurationName = Release;
		};
/* End XCConfigurationList section */

/* Begin XCVersionGroup section */
		075AF9D018477A2700F6BEFF /* hiboux.xcdatamodeld */ = {
			isa = XCVersionGroup;
			children = (
				075AF9D118477A2700F6BEFF /* hiboux.xcdatamodel */,
			);
			currentVersion = 075AF9D118477A2700F6BEFF /* hiboux.xcdatamodel */;
			path = hiboux.xcdatamodeld;
			sourceTree = "<group>";
			versionGroupType = wrapper.xcdatamodel;
		};
/* End XCVersionGroup section */
	};
	rootObject = DDAFC4C8181E6080001D5ECA /* Project object */;
}
